{
  "name": "estacme",
  "version": "1.0.0",
  "lockfileVersion": 3,
  "requires": true,
  "packages": {
    "": {
      "name": "estacme",
      "version": "1.0.0",
      "license": "ISC",
      "dependencies": {
        "bycontract": "^3.0.1",
        "n-readlines": "^3.4.1"
      }
    },
    "node_modules/bycontract": {
      "version": "3.0.1",
      "resolved": "https://registry.npmjs.org/bycontract/-/bycontract-3.0.1.tgz",
      "integrity": "sha512-aRhY3rRX8Z9hC6QofNPWAKX5TZ6n9MORJhYNHEN/Ype0uMgF6sFFtAWkM9Wp1GqvdcyMGU5uSgpKbv3cn4FFtg==",
      "license": "MIT"
    },
    "node_modules/n-readlines": {
      "version": "3.4.1",
      "resolved": "https://registry.npmjs.org/n-readlines/-/n-readlines-3.4.1.tgz",
      "integrity": "sha512-YDD8i8DiykXn4eXs8Xtuki5bIJ0gwBGeGLpTvPbRrfxnfyPTU6DRk03ISBMARpH75emKoLuE/IP9ycGetd9q/Q==",
      "license": "MIT",
      "engines": {
        "node": ">=18.x.x"
      }
    }
  }
}
