{
  "name": "estacme",
  "version": "1.0.0",
  "lockfileVersion": 3,
  "requires": true,
  "packages": {
    "": {
      "name": "estacme",
      "version": "1.0.0",
      "license": "ISC",
      "dependencies": {
        "bycontract": "^3.0.1"
      }
    },
    "node_modules/bycontract": {
      "version": "3.0.1",
      "resolved": "https://registry.npmjs.org/bycontract/-/bycontract-3.0.1.tgz",
      "integrity": "sha512-aRhY3rRX8Z9hC6QofNPWAKX5TZ6n9MORJhYNHEN/Ype0uMgF6sFFtAWkM9Wp1GqvdcyMGU5uSgpKbv3cn4FFtg==",
      "license": "MIT"
    }
  }
}
